
Microsoft Visual Studio Solution File, Format Version 12.00
# Visual Studio 15
VisualStudioVersion = 15.0.28307.902
MinimumVisualStudioVersion = 10.0.40219.1
Project("{FAE04EC0-301F-11D3-BF4B-00C04F79EFBC}") = "INFORME", "INFORME\INFORME.csproj", "{415AF6D7-BA87-49D1-9D35-3085A7F4DA41}"
EndProject
Global
	GlobalSection(SolutionConfigurationPlatforms) = preSolution
		Debug|Any CPU = Debug|Any CPU
		Release|Any CPU = Release|Any CPU
	EndGlobalSection
	GlobalSection(ProjectConfigurationPlatforms) = postSolution
		{415AF6D7-BA87-49D1-9D35-3085A7F4DA41}.Debug|Any CPU.ActiveCfg = Debug|Any CPU
		{415AF6D7-BA87-49D1-9D35-3085A7F4DA41}.Debug|Any CPU.Build.0 = Debug|Any CPU
		{415AF6D7-BA87-49D1-9D35-3085A7F4DA41}.Release|Any CPU.ActiveCfg = Release|Any CPU
		{415AF6D7-BA87-49D1-9D35-3085A7F4DA41}.Release|Any CPU.Build.0 = Release|Any CPU
	EndGlobalSection
	GlobalSection(SolutionProperties) = preSolution
		HideSolutionNode = FALSE
	EndGlobalSection
	GlobalSection(ExtensibilityGlobals) = postSolution
		SolutionGuid = {4E87815C-394A-43B0-A1DD-1B0B44917B1E}
	EndGlobalSection
EndGlobal
